// !$*UTF8*$!
{
	archiveVersion = 1;
	classes = {
	};
	objectVersion = 46;
	objects = {

/* Begin PBXBuildFile section */
		3F33EF2B1C17CB7F000D8806 /* UIScrollView+SVInfiniteScrolling.m in Sources */ = {isa = PBXBuildFile; fileRef = 3F33EF281C17CB7F000D8806 /* UIScrollView+SVInfiniteScrolling.m */; };
		3F33EF2C1C17CB7F000D8806 /* UIScrollView+SVPullToRefresh.m in Sources */ = {isa = PBXBuildFile; fileRef = 3F33EF2A1C17CB7F000D8806 /* UIScrollView+SVPullToRefresh.m */; };
		3FC647501BE213FF00A9897F /* image.xcassets in Resources */ = {isa = PBXBuildFile; fileRef = 3FC6474F1BE213FF00A9897F /* image.xcassets */; };
		3FC647531BE2282B00A9897F /* AAAViewController.m in Sources */ = {isa = PBXBuildFile; fileRef = 3FC647521BE2282B00A9897F /* AAAViewController.m */; };
		3FC714801BE0A0A60055EAC4 /* main.m in Sources */ = {isa = PBXBuildFile; fileRef = 3FC7147F1BE0A0A60055EAC4 /* main.m */; };
		3FC714831BE0A0A60055EAC4 /* AppDelegate.m in Sources */ = {isa = PBXBuildFile; fileRef = 3FC714821BE0A0A60055EAC4 /* AppDelegate.m */; };
		3FC714861BE0A0A60055EAC4 /* ViewController.m in Sources */ = {isa = PBXBuildFile; fileRef = 3FC714851BE0A0A60055EAC4 /* ViewController.m */; };
		3FC714891BE0A0A60055EAC4 /* Main.storyboard in Resources */ = {isa = PBXBuildFile; fileRef = 3FC714871BE0A0A60055EAC4 /* Main.storyboard */; };
		3FC7148B1BE0A0A60055EAC4 /* Images.xcassets in Resources */ = {isa = PBXBuildFile; fileRef = 3FC7148A1BE0A0A60055EAC4 /* Images.xcassets */; };
		3FC7148E1BE0A0A60055EAC4 /* LaunchScreen.xib in Resources */ = {isa = PBXBuildFile; fileRef = 3FC7148C1BE0A0A60055EAC4 /* LaunchScreen.xib */; };
		3FC7149A1BE0A0A60055EAC4 /* TDRefreshTests.m in Sources */ = {isa = PBXBuildFile; fileRef = 3FC714991BE0A0A60055EAC4 /* TDRefreshTests.m */; };
		3FC714A91BE0A3B50055EAC4 /* UIView+TDPosition.m in Sources */ = {isa = PBXBuildFile; fileRef = 3FC714A81BE0A3B50055EAC4 /* UIView+TDPosition.m */; };
		3FC714AC1BE0A4330055EAC4 /* TDRefreshHeader.m in Sources */ = {isa = PBXBuildFile; fileRef = 3FC714AB1BE0A4330055EAC4 /* TDRefreshHeader.m */; };
		3FC714AF1BE0A4540055EAC4 /* TDRefreshFooter.m in Sources */ = {isa = PBXBuildFile; fileRef = 3FC714AE1BE0A4540055EAC4 /* TDRefreshFooter.m */; };
		3FC714B21BE0A4A40055EAC4 /* UIScrollView+TDRefresh.m in Sources */ = {isa = PBXBuildFile; fileRef = 3FC714B11BE0A4A40055EAC4 /* UIScrollView+TDRefresh.m */; };
		3FC714B51BE0B5480055EAC4 /* TDRefreshBaseView.m in Sources */ = {isa = PBXBuildFile; fileRef = 3FC714B41BE0B5480055EAC4 /* TDRefreshBaseView.m */; };
/* End PBXBuildFile section */

/* Begin PBXContainerItemProxy section */
		3FC714941BE0A0A60055EAC4 /* PBXContainerItemProxy */ = {
			isa = PBXContainerItemProxy;
			containerPortal = 3FC714721BE0A0A60055EAC4 /* Project object */;
			proxyType = 1;
			remoteGlobalIDString = 3FC714791BE0A0A60055EAC4;
			remoteInfo = TDRefresh;
		};
/* End PBXContainerItemProxy section */

/* Begin PBXFileReference section */
		3F33EF261C17CB7F000D8806 /* SVPullToRefresh.h */ = {isa = PBXFileReference; fileEncoding = 4; lastKnownFileType = sourcecode.c.h; path = SVPullToRefresh.h; sourceTree = "<group>"; };
		3F33EF271C17CB7F000D8806 /* UIScrollView+SVInfiniteScrolling.h */ = {isa = PBXFileReference; fileEncoding = 4; lastKnownFileType = sourcecode.c.h; path = "UIScrollView+SVInfiniteScrolling.h"; sourceTree = "<group>"; };
		3F33EF281C17CB7F000D8806 /* UIScrollView+SVInfiniteScrolling.m */ = {isa = PBXFileReference; fileEncoding = 4; lastKnownFileType = sourcecode.c.objc; path = "UIScrollView+SVInfiniteScrolling.m"; sourceTree = "<group>"; };
		3F33EF291C17CB7F000D8806 /* UIScrollView+SVPullToRefresh.h */ = {isa = PBXFileReference; fileEncoding = 4; lastKnownFileType = sourcecode.c.h; path = "UIScrollView+SVPullToRefresh.h"; sourceTree = "<group>"; };
		3F33EF2A1C17CB7F000D8806 /* UIScrollView+SVPullToRefresh.m */ = {isa = PBXFileReference; fileEncoding = 4; lastKnownFileType = sourcecode.c.objc; path = "UIScrollView+SVPullToRefresh.m"; sourceTree = "<group>"; };
		3FC6474F1BE213FF00A9897F /* image.xcassets */ = {isa = PBXFileReference; lastKnownFileType = folder.assetcatalog; path = image.xcassets; sourceTree = "<group>"; };
		3FC647511BE2282B00A9897F /* AAAViewController.h */ = {isa = PBXFileReference; fileEncoding = 4; lastKnownFileType = sourcecode.c.h; path = AAAViewController.h; sourceTree = "<group>"; };
		3FC647521BE2282B00A9897F /* AAAViewController.m */ = {isa = PBXFileReference; fileEncoding = 4; lastKnownFileType = sourcecode.c.objc; path = AAAViewController.m; sourceTree = "<group>"; };
		3FC7147A1BE0A0A60055EAC4 /* TDRefresh.app */ = {isa = PBXFileReference; explicitFileType = wrapper.application; includeInIndex = 0; path = TDRefresh.app; sourceTree = BUILT_PRODUCTS_DIR; };
		3FC7147E1BE0A0A60055EAC4 /* Info.plist */ = {isa = PBXFileReference; lastKnownFileType = text.plist.xml; path = Info.plist; sourceTree = "<group>"; };
		3FC7147F1BE0A0A60055EAC4 /* main.m */ = {isa = PBXFileReference; lastKnownFileType = sourcecode.c.objc; path = main.m; sourceTree = "<group>"; };
		3FC714811BE0A0A60055EAC4 /* AppDelegate.h */ = {isa = PBXFileReference; lastKnownFileType = sourcecode.c.h; path = AppDelegate.h; sourceTree = "<group>"; };
		3FC714821BE0A0A60055EAC4 /* AppDelegate.m */ = {isa = PBXFileReference; lastKnownFileType = sourcecode.c.objc; path = AppDelegate.m; sourceTree = "<group>"; };
		3FC714841BE0A0A60055EAC4 /* ViewController.h */ = {isa = PBXFileReference; lastKnownFileType = sourcecode.c.h; path = ViewController.h; sourceTree = "<group>"; };
		3FC714851BE0A0A60055EAC4 /* ViewController.m */ = {isa = PBXFileReference; lastKnownFileType = sourcecode.c.objc; path = ViewController.m; sourceTree = "<group>"; };
		3FC714881BE0A0A60055EAC4 /* Base */ = {isa = PBXFileReference; lastKnownFileType = file.storyboard; name = Base; path = Base.lproj/Main.storyboard; sourceTree = "<group>"; };
		3FC7148A1BE0A0A60055EAC4 /* Images.xcassets */ = {isa = PBXFileReference; lastKnownFileType = folder.assetcatalog; path = Images.xcassets; sourceTree = "<group>"; };
		3FC7148D1BE0A0A60055EAC4 /* Base */ = {isa = PBXFileReference; lastKnownFileType = file.xib; name = Base; path = Base.lproj/LaunchScreen.xib; sourceTree = "<group>"; };
		3FC714931BE0A0A60055EAC4 /* TDRefreshTests.xctest */ = {isa = PBXFileReference; explicitFileType = wrapper.cfbundle; includeInIndex = 0; path = TDRefreshTests.xctest; sourceTree = BUILT_PRODUCTS_DIR; };
		3FC714981BE0A0A60055EAC4 /* Info.plist */ = {isa = PBXFileReference; lastKnownFileType = text.plist.xml; path = Info.plist; sourceTree = "<group>"; };
		3FC714991BE0A0A60055EAC4 /* TDRefreshTests.m */ = {isa = PBXFileReference; lastKnownFileType = sourcecode.c.objc; path = TDRefreshTests.m; sourceTree = "<group>"; };
		3FC714A71BE0A3B50055EAC4 /* UIView+TDPosition.h */ = {isa = PBXFileReference; fileEncoding = 4; lastKnownFileType = sourcecode.c.h; path = "UIView+TDPosition.h"; sourceTree = "<group>"; };
		3FC714A81BE0A3B50055EAC4 /* UIView+TDPosition.m */ = {isa = PBXFileReference; fileEncoding = 4; lastKnownFileType = sourcecode.c.objc; path = "UIView+TDPosition.m"; sourceTree = "<group>"; };
		3FC714AA1BE0A4330055EAC4 /* TDRefreshHeader.h */ = {isa = PBXFileReference; fileEncoding = 4; lastKnownFileType = sourcecode.c.h; path = TDRefreshHeader.h; sourceTree = "<group>"; };
		3FC714AB1BE0A4330055EAC4 /* TDRefreshHeader.m */ = {isa = PBXFileReference; fileEncoding = 4; lastKnownFileType = sourcecode.c.objc; path = TDRefreshHeader.m; sourceTree = "<group>"; };
		3FC714AD1BE0A4540055EAC4 /* TDRefreshFooter.h */ = {isa = PBXFileReference; fileEncoding = 4; lastKnownFileType = sourcecode.c.h; path = TDRefreshFooter.h; sourceTree = "<group>"; };
		3FC714AE1BE0A4540055EAC4 /* TDRefreshFooter.m */ = {isa = PBXFileReference; fileEncoding = 4; lastKnownFileType = sourcecode.c.objc; path = TDRefreshFooter.m; sourceTree = "<group>"; };
		3FC714B01BE0A4A40055EAC4 /* UIScrollView+TDRefresh.h */ = {isa = PBXFileReference; fileEncoding = 4; lastKnownFileType = sourcecode.c.h; path = "UIScrollView+TDRefresh.h"; sourceTree = "<group>"; };
		3FC714B11BE0A4A40055EAC4 /* UIScrollView+TDRefresh.m */ = {isa = PBXFileReference; fileEncoding = 4; lastKnownFileType = sourcecode.c.objc; path = "UIScrollView+TDRefresh.m"; sourceTree = "<group>"; };
		3FC714B31BE0B5480055EAC4 /* TDRefreshBaseView.h */ = {isa = PBXFileReference; fileEncoding = 4; lastKnownFileType = sourcecode.c.h; path = TDRefreshBaseView.h; sourceTree = "<group>"; };
		3FC714B41BE0B5480055EAC4 /* TDRefreshBaseView.m */ = {isa = PBXFileReference; fileEncoding = 4; lastKnownFileType = sourcecode.c.objc; path = TDRefreshBaseView.m; sourceTree = "<group>"; };
/* End PBXFileReference section */

/* Begin PBXFrameworksBuildPhase section */
		3FC714771BE0A0A60055EAC4 /* Frameworks */ = {
			isa = PBXFrameworksBuildPhase;
			buildActionMask = 2147483647;
			files = (
			);
			runOnlyForDeploymentPostprocessing = 0;
		};
		3FC714901BE0A0A60055EAC4 /* Frameworks */ = {
			isa = PBXFrameworksBuildPhase;
			buildActionMask = 2147483647;
			files = (
			);
			runOnlyForDeploymentPostprocessing = 0;
		};
/* End PBXFrameworksBuildPhase section */

/* Begin PBXGroup section */
		3F33EF251C17CB7F000D8806 /* SVPullToRefresh */ = {
			isa = PBXGroup;
			children = (
				3F33EF261C17CB7F000D8806 /* SVPullToRefresh.h */,
				3F33EF271C17CB7F000D8806 /* UIScrollView+SVInfiniteScrolling.h */,
				3F33EF281C17CB7F000D8806 /* UIScrollView+SVInfiniteScrolling.m */,
				3F33EF291C17CB7F000D8806 /* UIScrollView+SVPullToRefresh.h */,
				3F33EF2A1C17CB7F000D8806 /* UIScrollView+SVPullToRefresh.m */,
			);
			path = SVPullToRefresh;
			sourceTree = "<group>";
		};
		3FC714711BE0A0A60055EAC4 = {
			isa = PBXGroup;
			children = (
				3FC7147C1BE0A0A60055EAC4 /* TDRefresh */,
				3FC714961BE0A0A60055EAC4 /* TDRefreshTests */,
				3FC7147B1BE0A0A60055EAC4 /* Products */,
			);
			sourceTree = "<group>";
		};
		3FC7147B1BE0A0A60055EAC4 /* Products */ = {
			isa = PBXGroup;
			children = (
				3FC7147A1BE0A0A60055EAC4 /* TDRefresh.app */,
				3FC714931BE0A0A60055EAC4 /* TDRefreshTests.xctest */,
			);
			name = Products;
			sourceTree = "<group>";
		};
		3FC7147C1BE0A0A60055EAC4 /* TDRefresh */ = {
			isa = PBXGroup;
			children = (
				3F33EF251C17CB7F000D8806 /* SVPullToRefresh */,
				3FC714A31BE0A0E30055EAC4 /* tdrefresh */,
				3FC714811BE0A0A60055EAC4 /* AppDelegate.h */,
				3FC714821BE0A0A60055EAC4 /* AppDelegate.m */,
				3FC714841BE0A0A60055EAC4 /* ViewController.h */,
				3FC714851BE0A0A60055EAC4 /* ViewController.m */,
				3FC714871BE0A0A60055EAC4 /* Main.storyboard */,
				3FC7148A1BE0A0A60055EAC4 /* Images.xcassets */,
				3FC7148C1BE0A0A60055EAC4 /* LaunchScreen.xib */,
				3FC7147D1BE0A0A60055EAC4 /* Supporting Files */,
				3FC647511BE2282B00A9897F /* AAAViewController.h */,
				3FC647521BE2282B00A9897F /* AAAViewController.m */,
			);
			path = TDRefresh;
			sourceTree = "<group>";
		};
		3FC7147D1BE0A0A60055EAC4 /* Supporting Files */ = {
			isa = PBXGroup;
			children = (
				3FC7147E1BE0A0A60055EAC4 /* Info.plist */,
				3FC7147F1BE0A0A60055EAC4 /* main.m */,
			);
			name = "Supporting Files";
			sourceTree = "<group>";
		};
		3FC714961BE0A0A60055EAC4 /* TDRefreshTests */ = {
			isa = PBXGroup;
			children = (
				3FC714991BE0A0A60055EAC4 /* TDRefreshTests.m */,
				3FC714971BE0A0A60055EAC4 /* Supporting Files */,
			);
			path = TDRefreshTests;
			sourceTree = "<group>";
		};
		3FC714971BE0A0A60055EAC4 /* Supporting Files */ = {
			isa = PBXGroup;
			children = (
				3FC714981BE0A0A60055EAC4 /* Info.plist */,
			);
			name = "Supporting Files";
			sourceTree = "<group>";
		};
		3FC714A31BE0A0E30055EAC4 /* tdrefresh */ = {
			isa = PBXGroup;
			children = (
				3FC714A71BE0A3B50055EAC4 /* UIView+TDPosition.h */,
				3FC714A81BE0A3B50055EAC4 /* UIView+TDPosition.m */,
				3FC714B31BE0B5480055EAC4 /* TDRefreshBaseView.h */,
				3FC714B41BE0B5480055EAC4 /* TDRefreshBaseView.m */,
				3FC714AA1BE0A4330055EAC4 /* TDRefreshHeader.h */,
				3FC714AB1BE0A4330055EAC4 /* TDRefreshHeader.m */,
				3FC714AD1BE0A4540055EAC4 /* TDRefreshFooter.h */,
				3FC714AE1BE0A4540055EAC4 /* TDRefreshFooter.m */,
				3FC714B01BE0A4A40055EAC4 /* UIScrollView+TDRefresh.h */,
				3FC714B11BE0A4A40055EAC4 /* UIScrollView+TDRefresh.m */,
				3FC6474F1BE213FF00A9897F /* image.xcassets */,
			);
			path = tdrefresh;
			sourceTree = "<group>";
		};
/* End PBXGroup section */

/* Begin PBXNativeTarget section */
		3FC714791BE0A0A60055EAC4 /* TDRefresh */ = {
			isa = PBXNativeTarget;
			buildConfigurationList = 3FC7149D1BE0A0A60055EAC4 /* Build configuration list for PBXNativeTarget "TDRefresh" */;
			buildPhases = (
				3FC714761BE0A0A60055EAC4 /* Sources */,
				3FC714771BE0A0A60055EAC4 /* Frameworks */,
				3FC714781BE0A0A60055EAC4 /* Resources */,
			);
			buildRules = (
			);
			dependencies = (
			);
			name = TDRefresh;
			productName = TDRefresh;
			productReference = 3FC7147A1BE0A0A60055EAC4 /* TDRefresh.app */;
			productType = "com.apple.product-type.application";
		};
		3FC714921BE0A0A60055EAC4 /* TDRefreshTests */ = {
			isa = PBXNativeTarget;
			buildConfigurationList = 3FC714A01BE0A0A60055EAC4 /* Build configuration list for PBXNativeTarget "TDRefreshTests" */;
			buildPhases = (
				3FC7148F1BE0A0A60055EAC4 /* Sources */,
				3FC714901BE0A0A60055EAC4 /* Frameworks */,
				3FC714911BE0A0A60055EAC4 /* Resources */,
			);
			buildRules = (
			);
			dependencies = (
				3FC714951BE0A0A60055EAC4 /* PBXTargetDependency */,
			);
			name = TDRefreshTests;
			productName = TDRefreshTests;
			productReference = 3FC714931BE0A0A60055EAC4 /* TDRefreshTests.xctest */;
			productType = "com.apple.product-type.bundle.unit-test";
		};
/* End PBXNativeTarget section */

/* Begin PBXProject section */
		3FC714721BE0A0A60055EAC4 /* Project object */ = {
			isa = PBXProject;
			attributes = {
				LastUpgradeCheck = 0640;
				ORGANIZATIONNAME = Sujiandong;
				TargetAttributes = {
					3FC714791BE0A0A60055EAC4 = {
						CreatedOnToolsVersion = 6.4;
						DevelopmentTeam = 48TJ9ZAVQ8;
					};
					3FC714921BE0A0A60055EAC4 = {
						CreatedOnToolsVersion = 6.4;
						TestTargetID = 3FC714791BE0A0A60055EAC4;
					};
				};
			};
			buildConfigurationList = 3FC714751BE0A0A60055EAC4 /* Build configuration list for PBXProject "TDRefresh" */;
			compatibilityVersion = "Xcode 3.2";
			developmentRegion = English;
			hasScannedForEncodings = 0;
			knownRegions = (
				en,
				Base,
			);
			mainGroup = 3FC714711BE0A0A60055EAC4;
			productRefGroup = 3FC7147B1BE0A0A60055EAC4 /* Products */;
			projectDirPath = "";
			projectRoot = "";
			targets = (
				3FC714791BE0A0A60055EAC4 /* TDRefresh */,
				3FC714921BE0A0A60055EAC4 /* TDRefreshTests */,
			);
		};
/* End PBXProject section */

/* Begin PBXResourcesBuildPhase section */
		3FC714781BE0A0A60055EAC4 /* Resources */ = {
			isa = PBXResourcesBuildPhase;
			buildActionMask = 2147483647;
			files = (
				3FC714891BE0A0A60055EAC4 /* Main.storyboard in Resources */,
				3FC647501BE213FF00A9897F /* image.xcassets in Resources */,
				3FC7148E1BE0A0A60055EAC4 /* LaunchScreen.xib in Resources */,
				3FC7148B1BE0A0A60055EAC4 /* Images.xcassets in Resources */,
			);
			runOnlyForDeploymentPostprocessing = 0;
		};
		3FC714911BE0A0A60055EAC4 /* Resources */ = {
			isa = PBXResourcesBuildPhase;
			buildActionMask = 2147483647;
			files = (
			);
			runOnlyForDeploymentPostprocessing = 0;
		};
/* End PBXResourcesBuildPhase section */

/* Begin PBXSourcesBuildPhase section */
		3FC714761BE0A0A60055EAC4 /* Sources */ = {
			isa = PBXSourcesBuildPhase;
			buildActionMask = 2147483647;
			files = (
				3FC714861BE0A0A60055EAC4 /* ViewController.m in Sources */,
				3F33EF2C1C17CB7F000D8806 /* UIScrollView+SVPullToRefresh.m in Sources */,
				3FC647531BE2282B00A9897F /* AAAViewController.m in Sources */,
				3FC714831BE0A0A60055EAC4 /* AppDelegate.m in Sources */,
				3FC714AF1BE0A4540055EAC4 /* TDRefreshFooter.m in Sources */,
				3F33EF2B1C17CB7F000D8806 /* UIScrollView+SVInfiniteScrolling.m in Sources */,
				3FC714B51BE0B5480055EAC4 /* TDRefreshBaseView.m in Sources */,
				3FC714B21BE0A4A40055EAC4 /* UIScrollView+TDRefresh.m in Sources */,
				3FC714801BE0A0A60055EAC4 /* main.m in Sources */,
				3FC714AC1BE0A4330055EAC4 /* TDRefreshHeader.m in Sources */,
				3FC714A91BE0A3B50055EAC4 /* UIView+TDPosition.m in Sources */,
			);
			runOnlyForDeploymentPostprocessing = 0;
		};
		3FC7148F1BE0A0A60055EAC4 /* Sources */ = {
			isa = PBXSourcesBuildPhase;
			buildActionMask = 2147483647;
			files = (
				3FC7149A1BE0A0A60055EAC4 /* TDRefreshTests.m in Sources */,
			);
			runOnlyForDeploymentPostprocessing = 0;
		};
/* End PBXSourcesBuildPhase section */

/* Begin PBXTargetDependency section */
		3FC714951BE0A0A60055EAC4 /* PBXTargetDependency */ = {
			isa = PBXTargetDependency;
			target = 3FC714791BE0A0A60055EAC4 /* TDRefresh */;
			targetProxy = 3FC714941BE0A0A60055EAC4 /* PBXContainerItemProxy */;
		};
/* End PBXTargetDependency section */

/* Begin PBXVariantGroup section */
		3FC714871BE0A0A60055EAC4 /* Main.storyboard */ = {
			isa = PBXVariantGroup;
			children = (
				3FC714881BE0A0A60055EAC4 /* Base */,
			);
			name = Main.storyboard;
			sourceTree = "<group>";
		};
		3FC7148C1BE0A0A60055EAC4 /* LaunchScreen.xib */ = {
			isa = PBXVariantGroup;
			children = (
				3FC7148D1BE0A0A60055EAC4 /* Base */,
			);
			name = LaunchScreen.xib;
			sourceTree = "<group>";
		};
/* End PBXVariantGroup section */

/* Begin XCBuildConfiguration section */
		3FC7149B1BE0A0A60055EAC4 /* Debug */ = {
			isa = XCBuildConfiguration;
			buildSettings = {
				ALWAYS_SEARCH_USER_PATHS = NO;
				CLANG_CXX_LANGUAGE_STANDARD = "gnu++0x";
				CLANG_CXX_LIBRARY = "libc++";
				CLANG_ENABLE_MODULES = YES;
				CLANG_ENABLE_OBJC_ARC = YES;
				CLANG_WARN_BOOL_CONVERSION = YES;
				CLANG_WARN_CONSTANT_CONVERSION = YES;
				CLANG_WARN_DIRECT_OBJC_ISA_USAGE = YES_ERROR;
				CLANG_WARN_EMPTY_BODY = YES;
				CLANG_WARN_ENUM_CONVERSION = YES;
				CLANG_WARN_INT_CONVERSION = YES;
				CLANG_WARN_OBJC_ROOT_CLASS = YES_ERROR;
				CLANG_WARN_UNREACHABLE_CODE = YES;
				CLANG_WARN__DUPLICATE_METHOD_MATCH = YES;
				"CODE_SIGN_IDENTITY[sdk=iphoneos*]" = "iPhone Developer";
				COPY_PHASE_STRIP = NO;
				DEBUG_INFORMATION_FORMAT = "dwarf-with-dsym";
				ENABLE_STRICT_OBJC_MSGSEND = YES;
				GCC_C_LANGUAGE_STANDARD = gnu99;
				GCC_DYNAMIC_NO_PIC = NO;
				GCC_NO_COMMON_BLOCKS = YES;
				GCC_OPTIMIZATION_LEVEL = 0;
				GCC_PREPROCESSOR_DEFINITIONS = (
					"DEBUG=1",
					"$(inherited)",
				);
				GCC_SYMBOLS_PRIVATE_EXTERN = NO;
				GCC_WARN_64_TO_32_BIT_CONVERSION = YES;
				GCC_WARN_ABOUT_RETURN_TYPE = YES_ERROR;
				GCC_WARN_UNDECLARED_SELECTOR = YES;
				GCC_WARN_UNINITIALIZED_AUTOS = YES_AGGRESSIVE;
				GCC_WARN_UNUSED_FUNCTION = YES;
				GCC_WARN_UNUSED_VARIABLE = YES;
				IPHONEOS_DEPLOYMENT_TARGET = 8.4;
				MTL_ENABLE_DEBUG_INFO = YES;
				ONLY_ACTIVE_ARCH = YES;
				SDKROOT = iphoneos;
			};
			name = Debug;
		};
		3FC7149C1BE0A0A60055EAC4 /* Release */ = {
			isa = XCBuildConfiguration;
			buildSettings = {
				ALWAYS_SEARCH_USER_PATHS = NO;
				CLANG_CXX_LANGUAGE_STANDARD = "gnu++0x";
				CLANG_CXX_LIBRARY = "libc++";
				CLANG_ENABLE_MODULES = YES;
				CLANG_ENABLE_OBJC_ARC = YES;
				CLANG_WARN_BOOL_CONVERSION = YES;
				CLANG_WARN_CONSTANT_CONVERSION = YES;
				CLANG_WARN_DIRECT_OBJC_ISA_USAGE = YES_ERROR;
				CLANG_WARN_EMPTY_BODY = YES;
				CLANG_WARN_ENUM_CONVERSION = YES;
				CLANG_WARN_INT_CONVERSION = YES;
				CLANG_WARN_OBJC_ROOT_CLASS = YES_ERROR;
				CLANG_WARN_UNREACHABLE_CODE = YES;
				CLANG_WARN__DUPLICATE_METHOD_MATCH = YES;
				"CODE_SIGN_IDENTITY[sdk=iphoneos*]" = "iPhone Developer";
				COPY_PHASE_STRIP = NO;
				DEBUG_INFORMATION_FORMAT = "dwarf-with-dsym";
				ENABLE_NS_ASSERTIONS = NO;
				ENABLE_STRICT_OBJC_MSGSEND = YES;
				GCC_C_LANGUAGE_STANDARD = gnu99;
				GCC_NO_COMMON_BLOCKS = YES;
				GCC_WARN_64_TO_32_BIT_CONVERSION = YES;
				GCC_WARN_ABOUT_RETURN_TYPE = YES_ERROR;
				GCC_WARN_UNDECLARED_SELECTOR = YES;
				GCC_WARN_UNINITIALIZED_AUTOS = YES_AGGRESSIVE;
				GCC_WARN_UNUSED_FUNCTION = YES;
				GCC_WARN_UNUSED_VARIABLE = YES;
				IPHONEOS_DEPLOYMENT_TARGET = 8.4;
				MTL_ENABLE_DEBUG_INFO = NO;
				SDKROOT = iphoneos;
				VALIDATE_PRODUCT = YES;
			};
			name = Release;
		};
		3FC7149E1BE0A0A60055EAC4 /* Debug */ = {
			isa = XCBuildConfiguration;
			buildSettings = {
				ASSETCATALOG_COMPILER_APPICON_NAME = AppIcon;
				CODE_SIGN_IDENTITY = "iPhone Developer";
				"CODE_SIGN_IDENTITY[sdk=iphoneos*]" = "iPhone Developer";
				INFOPLIST_FILE = TDRefresh/Info.plist;
				IPHONEOS_DEPLOYMENT_TARGET = 7.0;
				LD_RUNPATH_SEARCH_PATHS = "$(inherited) @executable_path/Frameworks";
				PRODUCT_NAME = "$(TARGET_NAME)";
				PROVISIONING_PROFILE = "";
			};
			name = Debug;
		};
		3FC7149F1BE0A0A60055EAC4 /* Release */ = {
			isa = XCBuildConfiguration;
			buildSettings = {
				ASSETCATALOG_COMPILER_APPICON_NAME = AppIcon;
				CODE_SIGN_IDENTITY = "iPhone Developer";
				"CODE_SIGN_IDENTITY[sdk=iphoneos*]" = "iPhone Developer";
				INFOPLIST_FILE = TDRefresh/Info.plist;
				IPHONEOS_DEPLOYMENT_TARGET = 7.0;
				LD_RUNPATH_SEARCH_PATHS = "$(inherited) @executable_path/Frameworks";
				PRODUCT_NAME = "$(TARGET_NAME)";
				PROVISIONING_PROFILE = "";
			};
			name = Release;
		};
		3FC714A11BE0A0A60055EAC4 /* Debug */ = {
			isa = XCBuildConfiguration;
			buildSettings = {
				BUNDLE_LOADER = "$(TEST_HOST)";
				FRAMEWORK_SEARCH_PATHS = (
					"$(SDKROOT)/Developer/Library/Frameworks",
					"$(inherited)",
				);
				GCC_PREPROCESSOR_DEFINITIONS = (
					"DEBUG=1",
					"$(inherited)",
				);
				INFOPLIST_FILE = TDRefreshTests/Info.plist;
				LD_RUNPATH_SEARCH_PATHS = "$(inherited) @executable_path/Frameworks @loader_path/Frameworks";
				PRODUCT_NAME = "$(TARGET_NAME)";
				TEST_HOST = "$(BUILT_PRODUCTS_DIR)/TDRefresh.app/TDRefresh";
			};
			name = Debug;
		};
		3FC714A21BE0A0A60055EAC4 /* Release */ = {
			isa = XCBuildConfiguration;
			buildSettings = {
				BUNDLE_LOADER = "$(TEST_HOST)";
				FRAMEWORK_SEARCH_PATHS = (
					"$(SDKROOT)/Developer/Library/Frameworks",
					"$(inherited)",
				);
				INFOPLIST_FILE = TDRefreshTests/Info.plist;
				LD_RUNPATH_SEARCH_PATHS = "$(inherited) @executable_path/Frameworks @loader_path/Frameworks";
				PRODUCT_NAME = "$(TARGET_NAME)";
				TEST_HOST = "$(BUILT_PRODUCTS_DIR)/TDRefresh.app/TDRefresh";
			};
			name = Release;
		};
/* End XCBuildConfiguration section */

/* Begin XCConfigurationList section */
		3FC714751BE0A0A60055EAC4 /* Build configuration list for PBXProject "TDRefresh" */ = {
			isa = XCConfigurationList;
			buildConfigurations = (
				3FC7149B1BE0A0A60055EAC4 /* Debug */,
				3FC7149C1BE0A0A60055EAC4 /* Release */,
			);
			defaultConfigurationIsVisible = 0;
			defaultConfigurationName = Release;
		};
		3FC7149D1BE0A0A60055EAC4 /* Build configuration list for PBXNativeTarget "TDRefresh" */ = {
			isa = XCConfigurationList;
			buildConfigurations = (
				3FC7149E1BE0A0A60055EAC4 /* Debug */,
				3FC7149F1BE0A0A60055EAC4 /* Release */,
			);
			defaultConfigurationIsVisible = 0;
			defaultConfigurationName = Release;
		};
		3FC714A01BE0A0A60055EAC4 /* Build configuration list for PBXNativeTarget "TDRefreshTests" */ = {
			isa = XCConfigurationList;
			buildConfigurations = (
				3FC714A11BE0A0A60055EAC4 /* Debug */,
				3FC714A21BE0A0A60055EAC4 /* Release */,
			);
			defaultConfigurationIsVisible = 0;
			defaultConfigurationName = Release;
		};
/* End XCConfigurationList section */
	};
	rootObject = 3FC714721BE0A0A60055EAC4 /* Project object */;
}
